[[package]]
name = "atomicwrites"
version = "1.4.0"
description = "Atomic file writes."
category = "dev"
optional = false
python-versions = ">=2.7, !=3.0.*, !=3.1.*, !=3.2.*, !=3.3.*"

[[package]]
name = "attrs"
version = "21.4.0"
description = "Classes Without Boilerplate"
category = "dev"
optional = false
python-versions = ">=2.7, !=3.0.*, !=3.1.*, !=3.2.*, !=3.3.*, !=3.4.*"

[package.extras]
dev = ["coverage[toml] (>=5.0.2)", "hypothesis", "pympler", "pytest (>=4.3.0)", "six", "mypy", "pytest-mypy-plugins", "zope.interface", "furo", "sphinx", "sphinx-notfound-page", "pre-commit", "cloudpickle"]
docs = ["furo", "sphinx", "zope.interface", "sphinx-notfound-page"]
tests = ["coverage[toml] (>=5.0.2)", "hypothesis", "pympler", "pytest (>=4.3.0)", "six", "mypy", "pytest-mypy-plugins", "zope.interface", "cloudpickle"]
tests_no_zope = ["coverage[toml] (>=5.0.2)", "hypothesis", "pympler", "pytest (>=4.3.0)", "six", "mypy", "pytest-mypy-plugins", "cloudpickle"]

[[package]]
name = "bio"
version = "1.3.9"
description = "bio"
category = "main"
optional = false
python-versions = ">=3.6"

[package.dependencies]
biopython = ">=1.79"
mygene = "*"
requests = "*"
tqdm = "*"

[[package]]
name = "biopython"
version = "1.79"
description = "Freely available tools for computational molecular biology."
category = "main"
optional = false
python-versions = ">=3.6"

[package.dependencies]
numpy = "*"

[[package]]
name = "biothings-client"
version = "0.2.6"
description = "Python Client for BioThings API services."
category = "main"
optional = false
python-versions = "*"

[package.dependencies]
requests = ">=2.3.0"

[package.extras]
caching = ["requests-cache (>=0.4.13)"]
dataframe = ["pandas (>=0.18.0)"]
jsonld = ["PyLD (>=0.7.2)"]

[[package]]
name = "certifi"
version = "2022.5.18.1"
description = "Python package for providing Mozilla's CA Bundle."
category = "main"
optional = false
python-versions = ">=3.6"

[[package]]
name = "charset-normalizer"
version = "2.0.12"
description = "The Real First Universal Charset Detector. Open, modern and actively maintained alternative to Chardet."
category = "main"
optional = false
python-versions = ">=3.5.0"

[package.extras]
unicode_backport = ["unicodedata2"]

[[package]]
name = "colorama"
version = "0.4.4"
description = "Cross-platform colored terminal text."
category = "main"
optional = false
python-versions = ">=2.7, !=3.0.*, !=3.1.*, !=3.2.*, !=3.3.*, !=3.4.*"

[[package]]
name = "editdistance"
version = "0.6.0"
description = "Fast implementation of the edit distance(Levenshtein distance)"
category = "main"
optional = false
python-versions = ">=3.5"

[[package]]
name = "idna"
version = "3.3"
description = "Internationalized Domain Names in Applications (IDNA)"
category = "main"
optional = false
python-versions = ">=3.5"

[[package]]
name = "more-itertools"
version = "8.13.0"
description = "More routines for operating on iterables, beyond itertools"
category = "dev"
optional = false
python-versions = ">=3.5"

[[package]]
name = "mygene"
version = "3.2.2"
description = "Python Client for MyGene.Info services."
category = "main"
optional = false
python-versions = "*"

[package.dependencies]
biothings-client = ">=0.2.6"

[[package]]
name = "numpy"
version = "1.22.4"
description = "NumPy is the fundamental package for array computing with Python."
category = "main"
optional = false
python-versions = ">=3.8"

[[package]]
name = "packaging"
version = "21.3"
description = "Core utilities for Python packages"
category = "dev"
optional = false
python-versions = ">=3.6"

[package.dependencies]
pyparsing = ">=2.0.2,<3.0.5 || >3.0.5"

[[package]]
name = "pluggy"
version = "0.13.1"
description = "plugin and hook calling mechanisms for python"
category = "dev"
optional = false
python-versions = ">=2.7, !=3.0.*, !=3.1.*, !=3.2.*, !=3.3.*"

[package.extras]
dev = ["pre-commit", "tox"]

[[package]]
name = "py"
version = "1.11.0"
description = "library with cross-python path, ini-parsing, io, code, log facilities"
category = "dev"
optional = false
python-versions = ">=2.7, !=3.0.*, !=3.1.*, !=3.2.*, !=3.3.*, !=3.4.*"

[[package]]
name = "pyparsing"
version = "3.0.9"
description = "pyparsing module - Classes and methods to define and execute parsing grammars"
category = "dev"
optional = false
python-versions = ">=3.6.8"

[package.extras]
diagrams = ["railroad-diagrams", "jinja2"]

[[package]]
name = "pytest"
version = "5.4.3"
description = "pytest: simple powerful testing with Python"
category = "dev"
optional = false
python-versions = ">=3.5"

[package.dependencies]
atomicwrites = {version = ">=1.0", markers = "sys_platform == \"win32\""}
attrs = ">=17.4.0"
colorama = {version = "*", markers = "sys_platform == \"win32\""}
more-itertools = ">=4.0.0"
packaging = "*"
pluggy = ">=0.12,<1.0"
py = ">=1.5.0"
wcwidth = "*"

[package.extras]
checkqa-mypy = ["mypy (==v0.761)"]
testing = ["argcomplete", "hypothesis (>=3.56)", "mock", "nose", "requests", "xmlschema"]

[[package]]
name = "requests"
version = "2.27.1"
description = "Python HTTP for Humans."
category = "main"
optional = false
python-versions = ">=2.7, !=3.0.*, !=3.1.*, !=3.2.*, !=3.3.*, !=3.4.*, !=3.5.*"

[package.dependencies]
certifi = ">=2017.4.17"
charset-normalizer = {version = ">=2.0.0,<2.1.0", markers = "python_version >= \"3\""}
idna = {version = ">=2.5,<4", markers = "python_version >= \"3\""}
urllib3 = ">=1.21.1,<1.27"

[package.extras]
socks = ["PySocks (>=1.5.6,!=1.5.7)", "win-inet-pton"]
use_chardet_on_py3 = ["chardet (>=3.0.2,<5)"]

[[package]]
name = "tqdm"
version = "4.64.0"
description = "Fast, Extensible Progress Meter"
category = "main"
optional = false
python-versions = "!=3.0.*,!=3.1.*,!=3.2.*,!=3.3.*,>=2.7"

[package.dependencies]
colorama = {version = "*", markers = "platform_system == \"Windows\""}

[package.extras]
dev = ["py-make (>=0.1.0)", "twine", "wheel"]
notebook = ["ipywidgets (>=6)"]
slack = ["slack-sdk"]
telegram = ["requests"]

[[package]]
name = "urllib3"
version = "1.26.9"
description = "HTTP library with thread-safe connection pooling, file post, and more."
category = "main"
optional = false
python-versions = ">=2.7, !=3.0.*, !=3.1.*, !=3.2.*, !=3.3.*, !=3.4.*, <4"

[package.extras]
brotli = ["brotlicffi (>=0.8.0)", "brotli (>=1.0.9)", "brotlipy (>=0.6.0)"]
secure = ["pyOpenSSL (>=0.14)", "cryptography (>=1.3.4)", "idna (>=2.0.0)", "certifi", "ipaddress"]
socks = ["PySocks (>=1.5.6,!=1.5.7,<2.0)"]

[[package]]
name = "wcwidth"
version = "0.2.5"
description = "Measures the displayed width of unicode strings in a terminal"
category = "dev"
optional = false
python-versions = "*"

[metadata]
lock-version = "1.1"
python-versions = "^3.8"
content-hash = "168c9aaae7f236999cfec0e4380a99c2a8521d6cb3f5d37e16c89e7085adfdc2"

[metadata.files]
atomicwrites = [
    {file = "atomicwrites-1.4.0-py2.py3-none-any.whl", hash = "sha256:6d1784dea7c0c8d4a5172b6c620f40b6e4cbfdf96d783691f2e1302a7b88e197"},
    {file = "atomicwrites-1.4.0.tar.gz", hash = "sha256:ae70396ad1a434f9c7046fd2dd196fc04b12f9e91ffb859164193be8b6168a7a"},
]
attrs = [
    {file = "attrs-21.4.0-py2.py3-none-any.whl", hash = "sha256:2d27e3784d7a565d36ab851fe94887c5eccd6a463168875832a1be79c82828b4"},
    {file = "attrs-21.4.0.tar.gz", hash = "sha256:626ba8234211db98e869df76230a137c4c40a12d72445c45d5f5b716f076e2fd"},
]
bio = [
    {file = "bio-1.3.9-py3-none-any.whl", hash = "sha256:dbcb40c53e00140d8b0139f7c58e5bf046cdf3258496b32fe8e07bd2bf2adf92"},
]
biopython = [
    {file = "biopython-1.79-cp310-cp310-win_amd64.whl", hash = "sha256:9eadfd4300f534cd4fa39613eeee786d2c3d6b981d373c5c46616fa1a97cad10"},
    {file = "biopython-1.79-cp36-cp36m-macosx_10_9_x86_64.whl", hash = "sha256:72a1477cf1701964c7224e506a54fd65d1cc5228da200b634a17992230aa1cbd"},
    {file = "biopython-1.79-cp36-cp36m-manylinux_2_17_aarch64.manylinux2014_aarch64.whl", hash = "sha256:365569543ea58dd07ef205ec351c23b6c1a3200d5d321eb28ceaecd55eb5955e"},
    {file = "biopython-1.79-cp36-cp36m-manylinux_2_5_i686.manylinux1_i686.whl", hash = "sha256:4be31815226052d86d4c2f6a103c40504e34bba3e25cc1b1d687a3203c42fb6e"},
    {file = "biopython-1.79-cp36-cp36m-manylinux_2_5_x86_64.manylinux1_x86_64.whl", hash = "sha256:ceab668be9cbdcddef55ad459f87acd0316ae4a00d32251fea4cf665f5062fda"},
    {file = "biopython-1.79-cp36-cp36m-win32.whl", hash = "sha256:83bfea8a19f9352c47b13965c4b73853e7aeef3c5aed8489895b0679e32c621b"},
    {file = "biopython-1.79-cp36-cp36m-win_amd64.whl", hash = "sha256:98deacc30b8654cfcdcf707d93fa4e3c8717bbda07c3f9f828cf84753d4a1e4d"},
    {file = "biopython-1.79-cp37-cp37m-macosx_10_9_x86_64.whl", hash = "sha256:884a2b99ac7820cb84f70089769a512e3238ee60438b8c934ed519613dc570ce"},
    {file = "biopython-1.79-cp37-cp37m-manylinux_2_17_aarch64.manylinux2014_aarch64.whl", hash = "sha256:51eb467a60c38820ad1e6c3a7d4cb10535606f559646e824cc65c96091d91ff7"},
    {file = "biopython-1.79-cp37-cp37m-manylinux_2_5_i686.manylinux1_i686.whl", hash = "sha256:03ee5c72b3cc3f0675a8c22ce1c45fe99a32a60db18df059df479ae6cf619708"},
    {file = "biopython-1.79-cp37-cp37m-manylinux_2_5_x86_64.manylinux1_x86_64.whl", hash = "sha256:9580978803b582e0612b71673cab289e6bf261a865009cfb9501d65bc726a76e"},
    {file = "biopython-1.79-cp37-cp37m-win32.whl", hash = "sha256:5ae69c5e09769390643aa0f8064517665df6fb99c37433821d6664584d0ecb8c"},
    {file = "biopython-1.79-cp37-cp37m-win_amd64.whl", hash = "sha256:f0a7e1d94a318f74974345fd0987ec389b16988ec484e67218e900b116b932a8"},
    {file = "biopython-1.79-cp38-cp38-macosx_10_9_x86_64.whl", hash = "sha256:aa23a83a220486af6193760d079b36543fe00afcfbd18280ca2fd0b2c1c8dd6d"},
    {file = "biopython-1.79-cp38-cp38-manylinux_2_17_aarch64.manylinux2014_aarch64.whl", hash = "sha256:4b3d4eec2e348c3d97a7fde80ee0f2b8ebeed849d2bd64a616833a9be03b93c8"},
    {file = "biopython-1.79-cp38-cp38-manylinux_2_5_i686.manylinux1_i686.whl", hash = "sha256:947b793e804c59ea45ae46945a57612ad1789ca87af4af0d6a62dcecf3a6246a"},
    {file = "biopython-1.79-cp38-cp38-manylinux_2_5_x86_64.manylinux1_x86_64.whl", hash = "sha256:d9f6ce961e0c380e2a5435f64c96421dbcebeab6a1b41506bd81251feb733c08"},
    {file = "biopython-1.79-cp38-cp38-win32.whl", hash = "sha256:155c5b95857bca7ebd607210cb9d8ea459bb0b86b3ca37ea44ec47c26ede7e9a"},
    {file = "biopython-1.79-cp38-cp38-win_amd64.whl", hash = "sha256:2dbb4388c75b5dfca8ce729e791f465c9c878dbd7ba2ab9a1f9854609d2b5426"},
    {file = "biopython-1.79-cp39-cp39-macosx_10_9_x86_64.whl", hash = "sha256:76988ed3d7383d566db1d7fc69c9cf136c6275813fb749fc6753c340f81f1a8f"},
    {file = "biopython-1.79-cp39-cp39-manylinux_2_17_aarch64.manylinux2014_aarch64.whl", hash = "sha256:e921571b51514a6d35944242d6fef6427c3998acf58940fe1f209ac8a92a6e87"},
    {file = "biopython-1.79-cp39-cp39-manylinux_2_5_i686.manylinux1_i686.whl", hash = "sha256:bf634a56f449a4123e48e538d661948e5ac29fb452acd2962b8cb834b472a9d7"},
    {file = "biopython-1.79-cp39-cp39-manylinux_2_5_x86_64.manylinux1_x86_64.whl", hash = "sha256:ab93d5749b375be3682866b3a606aa2ebd3e6d868079793925bf4fbb0987cf1f"},
    {file = "biopython-1.79-cp39-cp39-win32.whl", hash = "sha256:8f33dafd3c7254fff5e1684b965e45a7c08d9b8e1bf51562b0a521ff9a6f5ea0"},
    {file = "biopython-1.79-cp39-cp39-win_amd64.whl", hash = "sha256:b3ab26f26a1956ef26303386510d84e917e31fcbbc94918c336da0163ef628df"},
    {file = "biopython-1.79.tar.gz", hash = "sha256:edb07eac99d3b8abd7ba56ff4bedec9263f76dfc3c3f450e7d2e2bcdecf8559b"},
]
biothings-client = [
    {file = "biothings_client-0.2.6-py2.py3-none-any.whl", hash = "sha256:f88f3dfcc962d84b3555a426ae59cf4752761c17b8968ae60532109b9e8a232e"},
    {file = "biothings_client-0.2.6.tar.gz", hash = "sha256:84d9d577b8fb3963a2fa71c5a13b10411566f3bc2e8ba67bb15de9d2ced08c2d"},
]
certifi = [
    {file = "certifi-2022.5.18.1-py3-none-any.whl", hash = "sha256:f1d53542ee8cbedbe2118b5686372fb33c297fcd6379b050cca0ef13a597382a"},
    {file = "certifi-2022.5.18.1.tar.gz", hash = "sha256:9c5705e395cd70084351dd8ad5c41e65655e08ce46f2ec9cf6c2c08390f71eb7"},
]
charset-normalizer = [
    {file = "charset-normalizer-2.0.12.tar.gz", hash = "sha256:2857e29ff0d34db842cd7ca3230549d1a697f96ee6d3fb071cfa6c7393832597"},
    {file = "charset_normalizer-2.0.12-py3-none-any.whl", hash = "sha256:6881edbebdb17b39b4eaaa821b438bf6eddffb4468cf344f09f89def34a8b1df"},
]
colorama = [
    {file = "colorama-0.4.4-py2.py3-none-any.whl", hash = "sha256:9f47eda37229f68eee03b24b9748937c7dc3868f906e8ba69fbcbdd3bc5dc3e2"},
    {file = "colorama-0.4.4.tar.gz", hash = "sha256:5941b2b48a20143d2267e95b1c2a7603ce057ee39fd88e7329b0c292aa16869b"},
]
editdistance = [
    {file = "editdistance-0.6.0-cp35-cp35m-macosx_10_9_x86_64.whl", hash = "sha256:49a4d918922993eb33965e836b1df4dcbc2cda7a25e912deccd55622fafd780a"},
    {file = "editdistance-0.6.0-cp35-cp35m-manylinux1_i686.whl", hash = "sha256:73f5c0a4694e8bc5c20ff77c61371779e2e39f6961bdea9d9c5d995433b918d8"},
    {file = "editdistance-0.6.0-cp35-cp35m-manylinux1_x86_64.whl", hash = "sha256:13520ce14195f9a35b33e9f73b5b8c392935a1ef83e7128640d6d30ee2121629"},
    {file = "editdistance-0.6.0-cp35-cp35m-manylinux2010_i686.whl", hash = "sha256:eb0443d0d3197de5858e4837eadcffc7fced50e926ee26c0609d5ac506430bd0"},
    {file = "editdistance-0.6.0-cp35-cp35m-manylinux2010_x86_64.whl", hash = "sha256:bb0a4409163f5a1056b0fa7bc18ebdd028c9d87da1f127b58ba1746f0d853c68"},
    {file = "editdistance-0.6.0-cp35-cp35m-manylinux2014_aarch64.whl", hash = "sha256:d6347f9aa3daec159225bfe19706a7da2e739059acb861e69e4ab322b748c912"},
    {file = "editdistance-0.6.0-cp35-cp35m-win32.whl", hash = "sha256:a12dd2b75c788011ddfecf45a4918f618f1ae35ae28b2641992291ba5b5115ea"},
    {file = "editdistance-0.6.0-cp35-cp35m-win_amd64.whl", hash = "sha256:18838a10c4ae3bb824eef16816bf355e0063821673e5388cb9eeb27dcd497b55"},
    {file = "editdistance-0.6.0-cp36-cp36m-macosx_10_9_x86_64.whl", hash = "sha256:773f7c02c0134ebf7609b59b5fac5516ce77455425ea45a0134dfd39bbf6b32a"},
    {file = "editdistance-0.6.0-cp36-cp36m-manylinux1_i686.whl", hash = "sha256:9c77c2213ee5e483461c41fa5bb78935804bc0cfefc7c55a6288bf3cda78bd23"},
    {file = "editdistance-0.6.0-cp36-cp36m-manylinux1_x86_64.whl", hash = "sha256:a14c791ab16060ac7022cb772ef32badda11efd47b0b7e266560133224a7ee2c"},
    {file = "editdistance-0.6.0-cp36-cp36m-manylinux2010_i686.whl", hash = "sha256:90f4be26eebac9dda2b383f380937a37136b54fb070b0029b0a2c0d0709fe69d"},
    {file = "editdistance-0.6.0-cp36-cp36m-manylinux2010_x86_64.whl", hash = "sha256:669046264513e16a6520e48805b2c3482664fcc5b71036b4c50428db18cdede9"},
    {file = "editdistance-0.6.0-cp36-cp36m-manylinux2014_aarch64.whl", hash = "sha256:f8ec691bc6a9037de2ee41cb5e4d91fb04b3a957b21858dd61620b30f230c427"},
    {file = "editdistance-0.6.0-cp36-cp36m-win32.whl", hash = "sha256:22ccb1ca335c827a2bec374484da4bb3b3462d12e9d0165f770804736ecd8d16"},
    {file = "editdistance-0.6.0-cp36-cp36m-win_amd64.whl", hash = "sha256:4d37db8e9c4284a20e2ffe02bb22689de4e0f0b1fca00896bf4ec548c60f6896"},
    {file = "editdistance-0.6.0-cp37-cp37m-macosx_10_9_x86_64.whl", hash = "sha256:b5ef8a26c393ddf5d3d96c85cc0cbe5ba4ceb004854ef44807d95852f44529b1"},
    {file = "editdistance-0.6.0-cp37-cp37m-manylinux1_i686.whl", hash = "sha256:9fce3717cc7ec5aa9809ec3fc9485aff6a527db65e917d00ef267c77aeb3f21a"},
    {file = "editdistance-0.6.0-cp37-cp37m-manylinux1_x86_64.whl", hash = "sha256:3077f2081f0211c45dd6d974be6bc3d184206c2c27277d33d2a66c4e07cea3ec"},
    {file = "editdistance-0.6.0-cp37-cp37m-manylinux2010_i686.whl", hash = "sha256:f33a01fdf0c6b78cca14474bdc2d50f7905d14900c61c074e0c4137636564769"},
    {file = "editdistance-0.6.0-cp37-cp37m-manylinux2010_x86_64.whl", hash = "sha256:0c30e3f823498ae710a24da78135865e920a82f323aacffbc8e74a01c4abdd10"},
    {file = "editdistance-0.6.0-cp37-cp37m-manylinux2014_aarch64.whl", hash = "sha256:b5e66b481c6326bdb420f709849ea0ab625606d277d0ab9dd4cba62385068e85"},
    {file = "editdistance-0.6.0-cp37-cp37m-win32.whl", hash = "sha256:1ebbc76bfba6ddea90f2ce450d0b5e81fe532f65d691bfed811667a569f24ce6"},
    {file = "editdistance-0.6.0-cp37-cp37m-win_amd64.whl", hash = "sha256:4f8bbdeffe9743f2d1ca851f28ae61479ea4485a7dceb4e5f0d295ad64b79c5b"},
    {file = "editdistance-0.6.0-cp38-cp38-macosx_10_9_x86_64.whl", hash = "sha256:c7c1cb24c429c5dd8bf9c4d1e73b4c7ad6428582ba679a348cc40415faf7e95a"},
    {file = "editdistance-0.6.0-cp38-cp38-manylinux1_i686.whl", hash = "sha256:9d9b81279578746461192813b69df93424081bc57c11415de8808c1b15b08304"},
    {file = "editdistance-0.6.0-cp38-cp38-manylinux1_x86_64.whl", hash = "sha256:c43069763071ec233c0dbfaf36880b12aac75d581f5531b18a3091cd9ba76055"},
    {file = "editdistance-0.6.0-cp38-cp38-manylinux2010_i686.whl", hash = "sha256:df9bbb24f7bc14784c8c7677c0252ee0c86aa661d9b170086c52b586385eaeb0"},
    {file = "editdistance-0.6.0-cp38-cp38-manylinux2010_x86_64.whl", hash = "sha256:e8cf38d54709ec22b80193e3da1d866caaace9f91678c1fd647ad41369721870"},
    {file = "editdistance-0.6.0-cp38-cp38-manylinux2014_aarch64.whl", hash = "sha256:44799bcacf4591e65806f8117b4b4f163a74598fbc909cbcdaf350435fb313c6"},
    {file = "editdistance-0.6.0-cp38-cp38-win32.whl", hash = "sha256:af6ebf293259541ce561d4abfacdf704e2148384728f7e8151c850cb9d438333"},
    {file = "editdistance-0.6.0-cp38-cp38-win_amd64.whl", hash = "sha256:7c439122059a4bb4aec64de44239346bf3874311036edf3e078631e4015df3bc"},
    {file = "editdistance-0.6.0-cp39-cp39-macosx_10_9_universal2.whl", hash = "sha256:cd249dc2a1637dfa639c86e26b92ac88a49a16774e18c1b37035d5aee310720b"},
    {file = "editdistance-0.6.0-cp39-cp39-macosx_10_9_x86_64.whl", hash = "sha256:ff423ae3dcf694fa1e62681cc73c373e6956ac6836783634e35ebeebacc34cde"},
    {file = "editdistance-0.6.0-cp39-cp39-macosx_11_0_arm64.whl", hash = "sha256:e83a8e475cfa4bd025935ac5a57d1af6e9e2992951c51f30292caa9ff730b04a"},
    {file = "editdistance-0.6.0-cp39-cp39-manylinux1_i686.whl", hash = "sha256:0cdab02a08524f9ca023c131fcca358ca5a9c1e692ac711e2199f7f3bdaaff91"},
    {file = "editdistance-0.6.0-cp39-cp39-manylinux1_x86_64.whl", hash = "sha256:ed8706638de00e2045ce711ec36d30bd82620c9ab5205312aedff1387bc0d432"},
    {file = "editdistance-0.6.0-cp39-cp39-manylinux2010_i686.whl", hash = "sha256:6985b53b3e0ae6990f2c411ff8295acdf76659c4f6ce26a2b960bedd3a0c8f8f"},
    {file = "editdistance-0.6.0-cp39-cp39-manylinux2010_x86_64.whl", hash = "sha256:0e83b16092e6509a32c339cb9da0a55f2da9bb0dc17d81f56f920875d8f2c21c"},
    {file = "editdistance-0.6.0-cp39-cp39-manylinux2014_aarch64.whl", hash = "sha256:a65d23eb505e8787a68f49fa5b7d8e156917026390d6aca48b09d52ae2fac751"},
    {file = "editdistance-0.6.0-cp39-cp39-win32.whl", hash = "sha256:ca336ac5a83f601d57ce814fda7690188089df45c1e59c5721920ab9ce26c6c2"},
    {file = "editdistance-0.6.0-cp39-cp39-win_amd64.whl", hash = "sha256:0789fbfc015ecc0ecafd08f6a70148a3da3319dbccddc9353c2a8d73ecebcd1c"},
    {file = "editdistance-0.6.0-pp36-pypy36_pp73-macosx_10_9_x86_64.whl", hash = "sha256:b1d517a79f6c85fefb9a021d12d2871dbcf5e4618805e43afc2e556b2b5eb5ee"},
    {file = "editdistance-0.6.0-pp36-pypy36_pp73-manylinux1_x86_64.whl", hash = "sha256:6c6a37b3aec594c74a5ec548d7637558c3e6776541ba8ce9ae0f50f592cd0730"},
    {file = "editdistance-0.6.0-pp36-pypy36_pp73-manylinux2010_x86_64.whl", hash = "sha256:9d2f87a6c6930e07ac22d0b6e03e7a89a227f8eb123d30a7e025266fdd422be3"},
    {file = "editdistance-0.6.0-pp36-pypy36_pp73-win32.whl", hash = "sha256:8444d570eb565f5a4e0ac7822a1c360927dd8beba1eac68a0fff42f9f5e5f6ef"},
    {file = "editdistance-0.6.0-pp37-pypy37_pp73-macosx_10_9_x86_64.whl", hash = "sha256:ecd1fd56d82a06bc217bbcf835d28920d989f464fcf72e23a34f8ce9a93558f7"},
    {file = "editdistance-0.6.0-pp37-pypy37_pp73-manylinux1_x86_64.whl", hash = "sha256:f525b7eef5686ee73a47ff8a39ce7c7a1765592df36ba0ceee30fb128ad03650"},
    {file = "editdistance-0.6.0-pp37-pypy37_pp73-manylinux2010_x86_64.whl", hash = "sha256:0ea7576c3173b27413d8200c00e69659149f8963be5fff8c2f37a05d619c1440"},
    {file = "editdistance-0.6.0-pp37-pypy37_pp73-win32.whl", hash = "sha256:a5750d11aa7eb960f0524e49a3fa2f941ba491cf18afc80a407405295ce6ab0b"},
    {file = "editdistance-0.6.0.tar.gz", hash = "sha256:82de4fb7c6a87c7c2978e5f509dc790e8657b264edbaf87ca6869e2022aa220e"},
]
idna = [
    {file = "idna-3.3-py3-none-any.whl", hash = "sha256:84d9dd047ffa80596e0f246e2eab0b391788b0503584e8945f2368256d2735ff"},
    {file = "idna-3.3.tar.gz", hash = "sha256:9d643ff0a55b762d5cdb124b8eaa99c66322e2157b69160bc32796e824360e6d"},
]
more-itertools = [
    {file = "more-itertools-8.13.0.tar.gz", hash = "sha256:a42901a0a5b169d925f6f217cd5a190e32ef54360905b9c39ee7db5313bfec0f"},
    {file = "more_itertools-8.13.0-py3-none-any.whl", hash = "sha256:c5122bffc5f104d37c1626b8615b511f3427aa5389b94d61e5ef8236bfbc3ddb"},
]
mygene = [
    {file = "mygene-3.2.2-py2.py3-none-any.whl", hash = "sha256:18d85d1b28ecee2be31d844607fb0c5f7d7c58573278432df819ee2a5e88fe46"},
    {file = "mygene-3.2.2.tar.gz", hash = "sha256:e729cabbc28cf5afb221bca1ab637883b375cb1a3e2f067587ec79f71affdaea"},
]
numpy = [
    {file = "numpy-1.22.4-cp310-cp310-macosx_10_14_x86_64.whl", hash = "sha256:ba9ead61dfb5d971d77b6c131a9dbee62294a932bf6a356e48c75ae684e635b3"},
    {file = "numpy-1.22.4-cp310-cp310-macosx_10_15_x86_64.whl", hash = "sha256:1ce7ab2053e36c0a71e7a13a7475bd3b1f54750b4b433adc96313e127b870887"},
    {file = "numpy-1.22.4-cp310-cp310-macosx_11_0_arm64.whl", hash = "sha256:7228ad13744f63575b3a972d7ee4fd61815b2879998e70930d4ccf9ec721dce0"},
    {file = "numpy-1.22.4-cp310-cp310-manylinux_2_17_aarch64.manylinux2014_aarch64.whl", hash = "sha256:43a8ca7391b626b4c4fe20aefe79fec683279e31e7c79716863b4b25021e0e74"},
    {file = "numpy-1.22.4-cp310-cp310-manylinux_2_17_x86_64.manylinux2014_x86_64.whl", hash = "sha256:a911e317e8c826ea632205e63ed8507e0dc877dcdc49744584dfc363df9ca08c"},
    {file = "numpy-1.22.4-cp310-cp310-win32.whl", hash = "sha256:9ce7df0abeabe7fbd8ccbf343dc0db72f68549856b863ae3dd580255d009648e"},
    {file = "numpy-1.22.4-cp310-cp310-win_amd64.whl", hash = "sha256:3e1ffa4748168e1cc8d3cde93f006fe92b5421396221a02f2274aab6ac83b077"},
    {file = "numpy-1.22.4-cp38-cp38-macosx_10_15_x86_64.whl", hash = "sha256:59d55e634968b8f77d3fd674a3cf0b96e85147cd6556ec64ade018f27e9479e1"},
    {file = "numpy-1.22.4-cp38-cp38-macosx_11_0_arm64.whl", hash = "sha256:c1d937820db6e43bec43e8d016b9b3165dcb42892ea9f106c70fb13d430ffe72"},
    {file = "numpy-1.22.4-cp38-cp38-manylinux_2_17_aarch64.manylinux2014_aarch64.whl", hash = "sha256:d4c5d5eb2ec8da0b4f50c9a843393971f31f1d60be87e0fb0917a49133d257d6"},
    {file = "numpy-1.22.4-cp38-cp38-manylinux_2_17_x86_64.manylinux2014_x86_64.whl", hash = "sha256:64f56fc53a2d18b1924abd15745e30d82a5782b2cab3429aceecc6875bd5add0"},
    {file = "numpy-1.22.4-cp38-cp38-win32.whl", hash = "sha256:fb7a980c81dd932381f8228a426df8aeb70d59bbcda2af075b627bbc50207cba"},
    {file = "numpy-1.22.4-cp38-cp38-win_amd64.whl", hash = "sha256:e96d7f3096a36c8754207ab89d4b3282ba7b49ea140e4973591852c77d09eb76"},
    {file = "numpy-1.22.4-cp39-cp39-macosx_10_14_x86_64.whl", hash = "sha256:4c6036521f11a731ce0648f10c18ae66d7143865f19f7299943c985cdc95afb5"},
    {file = "numpy-1.22.4-cp39-cp39-macosx_10_15_x86_64.whl", hash = "sha256:b89bf9b94b3d624e7bb480344e91f68c1c6c75f026ed6755955117de00917a7c"},
    {file = "numpy-1.22.4-cp39-cp39-macosx_11_0_arm64.whl", hash = "sha256:2d487e06ecbf1dc2f18e7efce82ded4f705f4bd0cd02677ffccfb39e5c284c7e"},
    {file = "numpy-1.22.4-cp39-cp39-manylinux_2_17_aarch64.manylinux2014_aarch64.whl", hash = "sha256:f3eb268dbd5cfaffd9448113539e44e2dd1c5ca9ce25576f7c04a5453edc26fa"},
    {file = "numpy-1.22.4-cp39-cp39-manylinux_2_17_x86_64.manylinux2014_x86_64.whl", hash = "sha256:37431a77ceb9307c28382c9773da9f306435135fae6b80b62a11c53cfedd8802"},
    {file = "numpy-1.22.4-cp39-cp39-win32.whl", hash = "sha256:cc7f00008eb7d3f2489fca6f334ec19ca63e31371be28fd5dad955b16ec285bd"},
    {file = "numpy-1.22.4-cp39-cp39-win_amd64.whl", hash = "sha256:f0725df166cf4785c0bc4cbfb320203182b1ecd30fee6e541c8752a92df6aa32"},
    {file = "numpy-1.22.4-pp38-pypy38_pp73-manylinux_2_17_x86_64.manylinux2014_x86_64.whl", hash = "sha256:0791fbd1e43bf74b3502133207e378901272f3c156c4df4954cad833b1380207"},
    {file = "numpy-1.22.4.zip", hash = "sha256:425b390e4619f58d8526b3dcf656dde069133ae5c240229821f01b5f44ea07af"},
]
packaging = [
    {file = "packaging-21.3-py3-none-any.whl", hash = "sha256:ef103e05f519cdc783ae24ea4e2e0f508a9c99b2d4969652eed6a2e1ea5bd522"},
    {file = "packaging-21.3.tar.gz", hash = "sha256:dd47c42927d89ab911e606518907cc2d3a1f38bbd026385970643f9c5b8ecfeb"},
]
pluggy = [
    {file = "pluggy-0.13.1-py2.py3-none-any.whl", hash = "sha256:966c145cd83c96502c3c3868f50408687b38434af77734af1e9ca461a4081d2d"},
    {file = "pluggy-0.13.1.tar.gz", hash = "sha256:15b2acde666561e1298d71b523007ed7364de07029219b604cf808bfa1c765b0"},
]
py = [
    {file = "py-1.11.0-py2.py3-none-any.whl", hash = "sha256:607c53218732647dff4acdfcd50cb62615cedf612e72d1724fb1a0cc6405b378"},
    {file = "py-1.11.0.tar.gz", hash = "sha256:51c75c4126074b472f746a24399ad32f6053d1b34b68d2fa41e558e6f4a98719"},
]
pyparsing = [
    {file = "pyparsing-3.0.9-py3-none-any.whl", hash = "sha256:5026bae9a10eeaefb61dab2f09052b9f4307d44aee4eda64b309723d8d206bbc"},
    {file = "pyparsing-3.0.9.tar.gz", hash = "sha256:2b020ecf7d21b687f219b71ecad3631f644a47f01403fa1d1036b0c6416d70fb"},
]
pytest = [
    {file = "pytest-5.4.3-py3-none-any.whl", hash = "sha256:5c0db86b698e8f170ba4582a492248919255fcd4c79b1ee64ace34301fb589a1"},
    {file = "pytest-5.4.3.tar.gz", hash = "sha256:7979331bfcba207414f5e1263b5a0f8f521d0f457318836a7355531ed1a4c7d8"},
]
requests = [
    {file = "requests-2.27.1-py2.py3-none-any.whl", hash = "sha256:f22fa1e554c9ddfd16e6e41ac79759e17be9e492b3587efa038054674760e72d"},
    {file = "requests-2.27.1.tar.gz", hash = "sha256:68d7c56fd5a8999887728ef304a6d12edc7be74f1cfa47714fc8b414525c9a61"},
]
tqdm = [
    {file = "tqdm-4.64.0-py2.py3-none-any.whl", hash = "sha256:74a2cdefe14d11442cedf3ba4e21a3b84ff9a2dbdc6cfae2c34addb2a14a5ea6"},
    {file = "tqdm-4.64.0.tar.gz", hash = "sha256:40be55d30e200777a307a7585aee69e4eabb46b4ec6a4b4a5f2d9f11e7d5408d"},
]
urllib3 = [
    {file = "urllib3-1.26.9-py2.py3-none-any.whl", hash = "sha256:44ece4d53fb1706f667c9bd1c648f5469a2ec925fcf3a776667042d645472c14"},
    {file = "urllib3-1.26.9.tar.gz", hash = "sha256:aabaf16477806a5e1dd19aa41f8c2b7950dd3c746362d7e3223dbe6de6ac448e"},
]
wcwidth = [
    {file = "wcwidth-0.2.5-py2.py3-none-any.whl", hash = "sha256:beb4802a9cebb9144e99086eff703a642a13d6a0052920003a230f3294bbe784"},
    {file = "wcwidth-0.2.5.tar.gz", hash = "sha256:c4d647b99872929fdb7bdcaa4fbe7f01413ed3d98077df798530e5b04f116c83"},
]
